
Microsoft Visual Studio Solution File, Format Version 12.00
# Visual Studio Version 17
VisualStudioVersion = 17.13.35507.96 d17.13
MinimumVisualStudioVersion = 10.0.40219.1
Project("{FAE04EC0-301F-11D3-BF4B-00C04F79EFBC}") = "AuthenticationApplication", "AuthenticationApplication\AuthenticationApplication.csproj", "{3ABD3388-C4CD-4B56-85E6-530111D3E009}"
EndProject
Global
	GlobalSection(SolutionConfigurationPlatforms) = preSolution
		Debug|Any CPU = Debug|Any CPU
		Release|Any CPU = Release|Any CPU
	EndGlobalSection
	GlobalSection(ProjectConfigurationPlatforms) = postSolution
		{3ABD3388-C4CD-4B56-85E6-530111D3E009}.Debug|Any CPU.ActiveCfg = Debug|Any CPU
		{3ABD3388-C4CD-4B56-85E6-530111D3E009}.Debug|Any CPU.Build.0 = Debug|Any CPU
		{3ABD3388-C4CD-4B56-85E6-530111D3E009}.Release|Any CPU.ActiveCfg = Release|Any CPU
		{3ABD3388-C4CD-4B56-85E6-530111D3E009}.Release|Any CPU.Build.0 = Release|Any CPU
	EndGlobalSection
	GlobalSection(SolutionProperties) = preSolution
		HideSolutionNode = FALSE
	EndGlobalSection
	GlobalSection(ExtensibilityGlobals) = postSolution
		SolutionGuid = {DF52A198-3D50-4966-9733-4E173AA4A5DE}
	EndGlobalSection
EndGlobal
